
Microsoft Visual Studio Solution File, Format Version 12.00
# Visual Studio 14
VisualStudioVersion = 14.0.24720.0
MinimumVisualStudioVersion = 10.0.40219.1
Project("{8BC9CEB8-8B4A-11D0-8D11-00A0C91BC942}") = "ntoskrnl", "ntoskrnl.vcxproj", "{0C658BA7-469A-43BD-8BB7-0B23833602BC}"
EndProject
Project("{8BC9CEB8-8B4A-11D0-8D11-00A0C91BC942}") = "ntos_alpc", "Alpc\ntos_alpc.vcxproj", "{0D0438A0-44CD-475C-BA90-F76879A0F889}"
EndProject
Global
	GlobalSection(SolutionConfigurationPlatforms) = preSolution
		Debug|x64 = Debug|x64
		Debug|x86 = Debug|x86
		Release|x64 = Release|x64
		Release|x86 = Release|x86
	EndGlobalSection
	GlobalSection(ProjectConfigurationPlatforms) = postSolution
		{0C658BA7-469A-43BD-8BB7-0B23833602BC}.Debug|x64.ActiveCfg = Debug|x64
		{0C658BA7-469A-43BD-8BB7-0B23833602BC}.Debug|x64.Build.0 = Debug|x64
		{0C658BA7-469A-43BD-8BB7-0B23833602BC}.Debug|x86.ActiveCfg = Debug|Win32
		{0C658BA7-469A-43BD-8BB7-0B23833602BC}.Debug|x86.Build.0 = Debug|Win32
		{0C658BA7-469A-43BD-8BB7-0B23833602BC}.Release|x64.ActiveCfg = Release|x64
		{0C658BA7-469A-43BD-8BB7-0B23833602BC}.Release|x64.Build.0 = Release|x64
		{0C658BA7-469A-43BD-8BB7-0B23833602BC}.Release|x86.ActiveCfg = Release|Win32
		{0C658BA7-469A-43BD-8BB7-0B23833602BC}.Release|x86.Build.0 = Release|Win32
		{0D0438A0-44CD-475C-BA90-F76879A0F889}.Debug|x64.ActiveCfg = Debug|x64
		{0D0438A0-44CD-475C-BA90-F76879A0F889}.Debug|x64.Build.0 = Debug|x64
		{0D0438A0-44CD-475C-BA90-F76879A0F889}.Debug|x86.ActiveCfg = Debug|Win32
		{0D0438A0-44CD-475C-BA90-F76879A0F889}.Debug|x86.Build.0 = Debug|Win32
		{0D0438A0-44CD-475C-BA90-F76879A0F889}.Release|x64.ActiveCfg = Release|x64
		{0D0438A0-44CD-475C-BA90-F76879A0F889}.Release|x64.Build.0 = Release|x64
		{0D0438A0-44CD-475C-BA90-F76879A0F889}.Release|x86.ActiveCfg = Release|Win32
		{0D0438A0-44CD-475C-BA90-F76879A0F889}.Release|x86.Build.0 = Release|Win32
	EndGlobalSection
	GlobalSection(SolutionProperties) = preSolution
		HideSolutionNode = FALSE
	EndGlobalSection
EndGlobal
